
Microsoft Visual Studio Solution File, Format Version 12.00
# Visual Studio 14
VisualStudioVersion = 14.0.25420.1
MinimumVisualStudioVersion = 10.0.40219.1
Project("{FAE04EC0-301F-11D3-BF4B-00C04F79EFBC}") = "01. Centuries to Minutes", "01. Centuries to Minutes\01. Centuries to Minutes.csproj", "{45774B02-4E98-45F9-80E5-86DBB9960F56}"
EndProject
Project("{FAE04EC0-301F-11D3-BF4B-00C04F79EFBC}") = "02. Circle Area (Precision 12)", "02. Circle Area (Precision 12)\02. Circle Area (Precision 12).csproj", "{06BCB860-2FAB-4A50-8C57-24C084A7ED49}"
EndProject
Project("{FAE04EC0-301F-11D3-BF4B-00C04F79EFBC}") = "03.Exact Sum of Real Numbers", "03.Exact Sum of Real Numbers\03.Exact Sum of Real Numbers.csproj", "{82A4F1D9-1B9C-40FD-97E1-AB13A0913CD2}"
EndProject
Project("{FAE04EC0-301F-11D3-BF4B-00C04F79EFBC}") = "04. Elevator", "04. Elevator\04. Elevator.csproj", "{17452173-02A1-4C43-8C9A-BBCAFC0019F1}"
EndProject
Project("{FAE04EC0-301F-11D3-BF4B-00C04F79EFBC}") = "05. Special Numbers", "05. Special Numbers\05. Special Numbers.csproj", "{CA96ACC6-1CDA-41FC-9F67-0DA0BA3CB90D}"
EndProject
Project("{FAE04EC0-301F-11D3-BF4B-00C04F79EFBC}") = "triplesOfLatinLetters", "triplesOfLatinLetters\triplesOfLatinLetters.csproj", "{3B815CE3-9EE4-4C41-BC46-D8C3EC3A06CA}"
EndProject
Project("{FAE04EC0-301F-11D3-BF4B-00C04F79EFBC}") = "Greeting", "Greeting\Greeting.csproj", "{76071726-E121-4FB1-8861-5EAAF32C4DC4}"
EndProject
Project("{FAE04EC0-301F-11D3-BF4B-00C04F79EFBC}") = "E1Practice Characters and Strings", "E1Practice Characters and Strings\E1Practice Characters and Strings.csproj", "{3137CDEA-6A4C-43B7-8EC7-558D435F6FCF}"
EndProject
Project("{FAE04EC0-301F-11D3-BF4B-00C04F79EFBC}") = "E2 Variable in Hexadecimal Format", "E2 Variable in Hexadecimal Format\E2 Variable in Hexadecimal Format.csproj", "{E0E2FAFF-4B7C-49EC-B32B-2B9EFD16A02A}"
EndProject
Project("{FAE04EC0-301F-11D3-BF4B-00C04F79EFBC}") = "E1 Practice Integer Numbers", "E1 Practice Integer Numbers\E1 Practice Integer Numbers.csproj", "{5F318E75-FF70-4477-A798-A27C41181E1D}"
EndProject
Project("{FAE04EC0-301F-11D3-BF4B-00C04F79EFBC}") = "E6_Strings and Objects", "E6_Strings and Objects\E6_Strings and Objects.csproj", "{9F22A0E6-30BD-4AC8-868D-AB59E6FB7945}"
EndProject
Project("{FAE04EC0-301F-11D3-BF4B-00C04F79EFBC}") = "E7Exchange Variable Values", "E7Exchange Variable Values\E7Exchange Variable Values.csproj", "{E77909A7-990E-45AD-8CD0-771B20D58302}"
EndProject
Project("{FAE04EC0-301F-11D3-BF4B-00C04F79EFBC}") = "E08 Employee Data", "E08 Employee Data\E08 Employee Data.csproj", "{56E9D964-1218-4D82-B89E-835511A953D7}"
EndProject
Project("{FAE04EC0-301F-11D3-BF4B-00C04F79EFBC}") = "E09 Reversed chars", "E09 Reversed chars\E09 Reversed chars.csproj", "{FB5F70BF-F602-41A1-B9C8-5240B2F7C2F6}"
EndProject
Project("{FAE04EC0-301F-11D3-BF4B-00C04F79EFBC}") = "E11. Convert Speed Units", "E11. Convert Speed Units\E11. Convert Speed Units.csproj", "{15DC48B2-1E65-4AE1-A6EF-775F3D1389BF}"
EndProject
Project("{FAE04EC0-301F-11D3-BF4B-00C04F79EFBC}") = "E12 Rectangle Properties", "E12 Rectangle Properties\E12 Rectangle Properties.csproj", "{AF3BF967-8973-4616-B77A-3F200A086636}"
EndProject
Project("{FAE04EC0-301F-11D3-BF4B-00C04F79EFBC}") = "E13 Vowel or Digit", "E13 Vowel or Digit\E13 Vowel or Digit.csproj", "{48978E5E-48C3-4668-9938-423AB8927F72}"
EndProject
Project("{FAE04EC0-301F-11D3-BF4B-00C04F79EFBC}") = "E14 Integer to Hex and Binary", "E14 Integer to Hex and Binary\E14 Integer to Hex and Binary.csproj", "{CCB71F2B-3D29-405C-AC86-380C818DC825}"
EndProject
Project("{FAE04EC0-301F-11D3-BF4B-00C04F79EFBC}") = "E15 Fast Prime Checker - Refactor", "E15 Fast Prime Checker - Refactor\E15 Fast Prime Checker - Refactor.csproj", "{932CFCDD-F395-459B-9371-42E5989F7E3D}"
EndProject
Project("{FAE04EC0-301F-11D3-BF4B-00C04F79EFBC}") = "E17 Print Part of the ASCII Table", "E17 Print Part of the ASCII Table\E17 Print Part of the ASCII Table.csproj", "{B5B6C91C-D639-4386-8AEB-13C4EA8EE20D}"
EndProject
Project("{FAE04EC0-301F-11D3-BF4B-00C04F79EFBC}") = "E16 Comparing floats", "E16 Comparing floats\E16 Comparing floats.csproj", "{92DF7218-F988-483C-8E60-DDEC8242CA3C}"
EndProject
Project("{FAE04EC0-301F-11D3-BF4B-00C04F79EFBC}") = "E18 Different Integers Size", "E18 Different Integers Size\E18 Different Integers Size.csproj", "{1C5338CE-B283-40DD-B274-10C657E93BB7}"
EndProject
Project("{FAE04EC0-301F-11D3-BF4B-00C04F79EFBC}") = "E18", "E18\E18.csproj", "{F6E67D31-B0DF-4C4B-88C6-9903C869A56E}"
EndProject
Project("{FAE04EC0-301F-11D3-BF4B-00C04F79EFBC}") = "E19Thea the Photographer", "E19Thea the Photographer\E19Thea the Photographer.csproj", "{58B5A108-2A60-4E8F-939D-78F351F5A6D2}"
EndProject
Global
	GlobalSection(SolutionConfigurationPlatforms) = preSolution
		Debug|Any CPU = Debug|Any CPU
		Release|Any CPU = Release|Any CPU
	EndGlobalSection
	GlobalSection(ProjectConfigurationPlatforms) = postSolution
		{45774B02-4E98-45F9-80E5-86DBB9960F56}.Debug|Any CPU.ActiveCfg = Debug|Any CPU
		{45774B02-4E98-45F9-80E5-86DBB9960F56}.Debug|Any CPU.Build.0 = Debug|Any CPU
		{45774B02-4E98-45F9-80E5-86DBB9960F56}.Release|Any CPU.ActiveCfg = Release|Any CPU
		{45774B02-4E98-45F9-80E5-86DBB9960F56}.Release|Any CPU.Build.0 = Release|Any CPU
		{06BCB860-2FAB-4A50-8C57-24C084A7ED49}.Debug|Any CPU.ActiveCfg = Debug|Any CPU
		{06BCB860-2FAB-4A50-8C57-24C084A7ED49}.Debug|Any CPU.Build.0 = Debug|Any CPU
		{06BCB860-2FAB-4A50-8C57-24C084A7ED49}.Release|Any CPU.ActiveCfg = Release|Any CPU
		{06BCB860-2FAB-4A50-8C57-24C084A7ED49}.Release|Any CPU.Build.0 = Release|Any CPU
		{82A4F1D9-1B9C-40FD-97E1-AB13A0913CD2}.Debug|Any CPU.ActiveCfg = Debug|Any CPU
		{82A4F1D9-1B9C-40FD-97E1-AB13A0913CD2}.Debug|Any CPU.Build.0 = Debug|Any CPU
		{82A4F1D9-1B9C-40FD-97E1-AB13A0913CD2}.Release|Any CPU.ActiveCfg = Release|Any CPU
		{82A4F1D9-1B9C-40FD-97E1-AB13A0913CD2}.Release|Any CPU.Build.0 = Release|Any CPU
		{17452173-02A1-4C43-8C9A-BBCAFC0019F1}.Debug|Any CPU.ActiveCfg = Debug|Any CPU
		{17452173-02A1-4C43-8C9A-BBCAFC0019F1}.Debug|Any CPU.Build.0 = Debug|Any CPU
		{17452173-02A1-4C43-8C9A-BBCAFC0019F1}.Release|Any CPU.ActiveCfg = Release|Any CPU
		{17452173-02A1-4C43-8C9A-BBCAFC0019F1}.Release|Any CPU.Build.0 = Release|Any CPU
		{CA96ACC6-1CDA-41FC-9F67-0DA0BA3CB90D}.Debug|Any CPU.ActiveCfg = Debug|Any CPU
		{CA96ACC6-1CDA-41FC-9F67-0DA0BA3CB90D}.Debug|Any CPU.Build.0 = Debug|Any CPU
		{CA96ACC6-1CDA-41FC-9F67-0DA0BA3CB90D}.Release|Any CPU.ActiveCfg = Release|Any CPU
		{CA96ACC6-1CDA-41FC-9F67-0DA0BA3CB90D}.Release|Any CPU.Build.0 = Release|Any CPU
		{3B815CE3-9EE4-4C41-BC46-D8C3EC3A06CA}.Debug|Any CPU.ActiveCfg = Debug|Any CPU
		{3B815CE3-9EE4-4C41-BC46-D8C3EC3A06CA}.Debug|Any CPU.Build.0 = Debug|Any CPU
		{3B815CE3-9EE4-4C41-BC46-D8C3EC3A06CA}.Release|Any CPU.ActiveCfg = Release|Any CPU
		{3B815CE3-9EE4-4C41-BC46-D8C3EC3A06CA}.Release|Any CPU.Build.0 = Release|Any CPU
		{76071726-E121-4FB1-8861-5EAAF32C4DC4}.Debug|Any CPU.ActiveCfg = Debug|Any CPU
		{76071726-E121-4FB1-8861-5EAAF32C4DC4}.Debug|Any CPU.Build.0 = Debug|Any CPU
		{76071726-E121-4FB1-8861-5EAAF32C4DC4}.Release|Any CPU.ActiveCfg = Release|Any CPU
		{76071726-E121-4FB1-8861-5EAAF32C4DC4}.Release|Any CPU.Build.0 = Release|Any CPU
		{3137CDEA-6A4C-43B7-8EC7-558D435F6FCF}.Debug|Any CPU.ActiveCfg = Debug|Any CPU
		{3137CDEA-6A4C-43B7-8EC7-558D435F6FCF}.Debug|Any CPU.Build.0 = Debug|Any CPU
		{3137CDEA-6A4C-43B7-8EC7-558D435F6FCF}.Release|Any CPU.ActiveCfg = Release|Any CPU
		{3137CDEA-6A4C-43B7-8EC7-558D435F6FCF}.Release|Any CPU.Build.0 = Release|Any CPU
		{E0E2FAFF-4B7C-49EC-B32B-2B9EFD16A02A}.Debug|Any CPU.ActiveCfg = Debug|Any CPU
		{E0E2FAFF-4B7C-49EC-B32B-2B9EFD16A02A}.Debug|Any CPU.Build.0 = Debug|Any CPU
		{E0E2FAFF-4B7C-49EC-B32B-2B9EFD16A02A}.Release|Any CPU.ActiveCfg = Release|Any CPU
		{E0E2FAFF-4B7C-49EC-B32B-2B9EFD16A02A}.Release|Any CPU.Build.0 = Release|Any CPU
		{5F318E75-FF70-4477-A798-A27C41181E1D}.Debug|Any CPU.ActiveCfg = Debug|Any CPU
		{5F318E75-FF70-4477-A798-A27C41181E1D}.Debug|Any CPU.Build.0 = Debug|Any CPU
		{5F318E75-FF70-4477-A798-A27C41181E1D}.Release|Any CPU.ActiveCfg = Release|Any CPU
		{5F318E75-FF70-4477-A798-A27C41181E1D}.Release|Any CPU.Build.0 = Release|Any CPU
		{9F22A0E6-30BD-4AC8-868D-AB59E6FB7945}.Debug|Any CPU.ActiveCfg = Debug|Any CPU
		{9F22A0E6-30BD-4AC8-868D-AB59E6FB7945}.Debug|Any CPU.Build.0 = Debug|Any CPU
		{9F22A0E6-30BD-4AC8-868D-AB59E6FB7945}.Release|Any CPU.ActiveCfg = Release|Any CPU
		{9F22A0E6-30BD-4AC8-868D-AB59E6FB7945}.Release|Any CPU.Build.0 = Release|Any CPU
		{E77909A7-990E-45AD-8CD0-771B20D58302}.Debug|Any CPU.ActiveCfg = Debug|Any CPU
		{E77909A7-990E-45AD-8CD0-771B20D58302}.Debug|Any CPU.Build.0 = Debug|Any CPU
		{E77909A7-990E-45AD-8CD0-771B20D58302}.Release|Any CPU.ActiveCfg = Release|Any CPU
		{E77909A7-990E-45AD-8CD0-771B20D58302}.Release|Any CPU.Build.0 = Release|Any CPU
		{56E9D964-1218-4D82-B89E-835511A953D7}.Debug|Any CPU.ActiveCfg = Debug|Any CPU
		{56E9D964-1218-4D82-B89E-835511A953D7}.Debug|Any CPU.Build.0 = Debug|Any CPU
		{56E9D964-1218-4D82-B89E-835511A953D7}.Release|Any CPU.ActiveCfg = Release|Any CPU
		{56E9D964-1218-4D82-B89E-835511A953D7}.Release|Any CPU.Build.0 = Release|Any CPU
		{FB5F70BF-F602-41A1-B9C8-5240B2F7C2F6}.Debug|Any CPU.ActiveCfg = Debug|Any CPU
		{FB5F70BF-F602-41A1-B9C8-5240B2F7C2F6}.Debug|Any CPU.Build.0 = Debug|Any CPU
		{FB5F70BF-F602-41A1-B9C8-5240B2F7C2F6}.Release|Any CPU.ActiveCfg = Release|Any CPU
		{FB5F70BF-F602-41A1-B9C8-5240B2F7C2F6}.Release|Any CPU.Build.0 = Release|Any CPU
		{15DC48B2-1E65-4AE1-A6EF-775F3D1389BF}.Debug|Any CPU.ActiveCfg = Debug|Any CPU
		{15DC48B2-1E65-4AE1-A6EF-775F3D1389BF}.Debug|Any CPU.Build.0 = Debug|Any CPU
		{15DC48B2-1E65-4AE1-A6EF-775F3D1389BF}.Release|Any CPU.ActiveCfg = Release|Any CPU
		{15DC48B2-1E65-4AE1-A6EF-775F3D1389BF}.Release|Any CPU.Build.0 = Release|Any CPU
		{AF3BF967-8973-4616-B77A-3F200A086636}.Debug|Any CPU.ActiveCfg = Debug|Any CPU
		{AF3BF967-8973-4616-B77A-3F200A086636}.Debug|Any CPU.Build.0 = Debug|Any CPU
		{AF3BF967-8973-4616-B77A-3F200A086636}.Release|Any CPU.ActiveCfg = Release|Any CPU
		{AF3BF967-8973-4616-B77A-3F200A086636}.Release|Any CPU.Build.0 = Release|Any CPU
		{48978E5E-48C3-4668-9938-423AB8927F72}.Debug|Any CPU.ActiveCfg = Debug|Any CPU
		{48978E5E-48C3-4668-9938-423AB8927F72}.Debug|Any CPU.Build.0 = Debug|Any CPU
		{48978E5E-48C3-4668-9938-423AB8927F72}.Release|Any CPU.ActiveCfg = Release|Any CPU
		{48978E5E-48C3-4668-9938-423AB8927F72}.Release|Any CPU.Build.0 = Release|Any CPU
		{CCB71F2B-3D29-405C-AC86-380C818DC825}.Debug|Any CPU.ActiveCfg = Debug|Any CPU
		{CCB71F2B-3D29-405C-AC86-380C818DC825}.Debug|Any CPU.Build.0 = Debug|Any CPU
		{CCB71F2B-3D29-405C-AC86-380C818DC825}.Release|Any CPU.ActiveCfg = Release|Any CPU
		{CCB71F2B-3D29-405C-AC86-380C818DC825}.Release|Any CPU.Build.0 = Release|Any CPU
		{932CFCDD-F395-459B-9371-42E5989F7E3D}.Debug|Any CPU.ActiveCfg = Debug|Any CPU
		{932CFCDD-F395-459B-9371-42E5989F7E3D}.Debug|Any CPU.Build.0 = Debug|Any CPU
		{932CFCDD-F395-459B-9371-42E5989F7E3D}.Release|Any CPU.ActiveCfg = Release|Any CPU
		{932CFCDD-F395-459B-9371-42E5989F7E3D}.Release|Any CPU.Build.0 = Release|Any CPU
		{B5B6C91C-D639-4386-8AEB-13C4EA8EE20D}.Debug|Any CPU.ActiveCfg = Debug|Any CPU
		{B5B6C91C-D639-4386-8AEB-13C4EA8EE20D}.Debug|Any CPU.Build.0 = Debug|Any CPU
		{B5B6C91C-D639-4386-8AEB-13C4EA8EE20D}.Release|Any CPU.ActiveCfg = Release|Any CPU
		{B5B6C91C-D639-4386-8AEB-13C4EA8EE20D}.Release|Any CPU.Build.0 = Release|Any CPU
		{92DF7218-F988-483C-8E60-DDEC8242CA3C}.Debug|Any CPU.ActiveCfg = Debug|Any CPU
		{92DF7218-F988-483C-8E60-DDEC8242CA3C}.Debug|Any CPU.Build.0 = Debug|Any CPU
		{92DF7218-F988-483C-8E60-DDEC8242CA3C}.Release|Any CPU.ActiveCfg = Release|Any CPU
		{92DF7218-F988-483C-8E60-DDEC8242CA3C}.Release|Any CPU.Build.0 = Release|Any CPU
		{1C5338CE-B283-40DD-B274-10C657E93BB7}.Debug|Any CPU.ActiveCfg = Debug|Any CPU
		{1C5338CE-B283-40DD-B274-10C657E93BB7}.Debug|Any CPU.Build.0 = Debug|Any CPU
		{1C5338CE-B283-40DD-B274-10C657E93BB7}.Release|Any CPU.ActiveCfg = Release|Any CPU
		{1C5338CE-B283-40DD-B274-10C657E93BB7}.Release|Any CPU.Build.0 = Release|Any CPU
		{F6E67D31-B0DF-4C4B-88C6-9903C869A56E}.Debug|Any CPU.ActiveCfg = Debug|Any CPU
		{F6E67D31-B0DF-4C4B-88C6-9903C869A56E}.Debug|Any CPU.Build.0 = Debug|Any CPU
		{F6E67D31-B0DF-4C4B-88C6-9903C869A56E}.Release|Any CPU.ActiveCfg = Release|Any CPU
		{F6E67D31-B0DF-4C4B-88C6-9903C869A56E}.Release|Any CPU.Build.0 = Release|Any CPU
		{58B5A108-2A60-4E8F-939D-78F351F5A6D2}.Debug|Any CPU.ActiveCfg = Debug|Any CPU
		{58B5A108-2A60-4E8F-939D-78F351F5A6D2}.Debug|Any CPU.Build.0 = Debug|Any CPU
		{58B5A108-2A60-4E8F-939D-78F351F5A6D2}.Release|Any CPU.ActiveCfg = Release|Any CPU
		{58B5A108-2A60-4E8F-939D-78F351F5A6D2}.Release|Any CPU.Build.0 = Release|Any CPU
	EndGlobalSection
	GlobalSection(SolutionProperties) = preSolution
		HideSolutionNode = FALSE
	EndGlobalSection
EndGlobal
